
Microsoft Visual Studio Solution File, Format Version 12.00
Project("{FAE04EC0-301F-11D3-BF4B-00C04F79EFBC}") = "Gaev.Smtp4Dev", "Gaev.Smtp4Dev.csproj", "{409028B3-F0B9-4D00-BFF9-BAA9F325E6D3}"
EndProject
Global
	GlobalSection(SolutionConfigurationPlatforms) = preSolution
		Debug|Any CPU = Debug|Any CPU
		Release|Any CPU = Release|Any CPU
	EndGlobalSection
	GlobalSection(ProjectConfigurationPlatforms) = postSolution
		{409028B3-F0B9-4D00-BFF9-BAA9F325E6D3}.Debug|Any CPU.ActiveCfg = Debug|Any CPU
		{409028B3-F0B9-4D00-BFF9-BAA9F325E6D3}.Debug|Any CPU.Build.0 = Debug|Any CPU
		{409028B3-F0B9-4D00-BFF9-BAA9F325E6D3}.Release|Any CPU.ActiveCfg = Release|Any CPU
		{409028B3-F0B9-4D00-BFF9-BAA9F325E6D3}.Release|Any CPU.Build.0 = Release|Any CPU
	EndGlobalSection
EndGlobal
